
Microsoft Visual Studio Solution File, Format Version 12.00
# Visual Studio Version 17
VisualStudioVersion = 17.9.34622.214
MinimumVisualStudioVersion = 10.0.40219.1
Project("{FAE04EC0-301F-11D3-BF4B-00C04F79EFBC}") = "uygulama_4", "uygulama_4\uygulama_4.csproj", "{63D12DB4-E105-4585-A0FB-D663391C82F0}"
EndProject
Global
	GlobalSection(SolutionConfigurationPlatforms) = preSolution
		Debug|Any CPU = Debug|Any CPU
		Release|Any CPU = Release|Any CPU
	EndGlobalSection
	GlobalSection(ProjectConfigurationPlatforms) = postSolution
		{63D12DB4-E105-4585-A0FB-D663391C82F0}.Debug|Any CPU.ActiveCfg = Debug|Any CPU
		{63D12DB4-E105-4585-A0FB-D663391C82F0}.Debug|Any CPU.Build.0 = Debug|Any CPU
		{63D12DB4-E105-4585-A0FB-D663391C82F0}.Release|Any CPU.ActiveCfg = Release|Any CPU
		{63D12DB4-E105-4585-A0FB-D663391C82F0}.Release|Any CPU.Build.0 = Release|Any CPU
	EndGlobalSection
	GlobalSection(SolutionProperties) = preSolution
		HideSolutionNode = FALSE
	EndGlobalSection
	GlobalSection(ExtensibilityGlobals) = postSolution
		SolutionGuid = {3EC656AB-99D9-476E-9BC9-6AD3CC84F1F7}
	EndGlobalSection
EndGlobal
