
Microsoft Visual Studio Solution File, Format Version 12.00
# Visual Studio Version 17
VisualStudioVersion = 17.9.34616.47
MinimumVisualStudioVersion = 10.0.40219.1
Project("{FAE04EC0-301F-11D3-BF4B-00C04F79EFBC}") = "ilkdeneme", "ilkdeneme\ilkdeneme.csproj", "{C48AE3E4-43EE-43FE-9CB2-C47CE2A5D326}"
EndProject
Global
	GlobalSection(SolutionConfigurationPlatforms) = preSolution
		Debug|Any CPU = Debug|Any CPU
		Release|Any CPU = Release|Any CPU
	EndGlobalSection
	GlobalSection(ProjectConfigurationPlatforms) = postSolution
		{C48AE3E4-43EE-43FE-9CB2-C47CE2A5D326}.Debug|Any CPU.ActiveCfg = Debug|Any CPU
		{C48AE3E4-43EE-43FE-9CB2-C47CE2A5D326}.Debug|Any CPU.Build.0 = Debug|Any CPU
		{C48AE3E4-43EE-43FE-9CB2-C47CE2A5D326}.Release|Any CPU.ActiveCfg = Release|Any CPU
		{C48AE3E4-43EE-43FE-9CB2-C47CE2A5D326}.Release|Any CPU.Build.0 = Release|Any CPU
	EndGlobalSection
	GlobalSection(SolutionProperties) = preSolution
		HideSolutionNode = FALSE
	EndGlobalSection
	GlobalSection(ExtensibilityGlobals) = postSolution
		SolutionGuid = {59A50C3E-A8F4-463E-A74E-EA494553F378}
	EndGlobalSection
EndGlobal
